
Microsoft Visual Studio Solution File, Format Version 11.00
# Visual Studio 2010
Project("{FAE04EC0-301F-11D3-BF4B-00C04F79EFBC}") = "TS15.Common", "TS15.Common\TS15.Common.csproj", "{C22F7BEB-BA0D-4C8B-8F1E-094B51187938}"
EndProject
Project("{FAE04EC0-301F-11D3-BF4B-00C04F79EFBC}") = "TS15.BL", "TS15.BL\TS15.BL.csproj", "{88422ED0-7C3E-4F5E-8A73-C45D30CA13C3}"
EndProject
Project("{FAE04EC0-301F-11D3-BF4B-00C04F79EFBC}") = "TS15.DAL", "TS15.DAL\TS15.DAL.csproj", "{8C33849F-7B09-47AC-8351-1B5398924980}"
EndProject
Project("{FAE04EC0-301F-11D3-BF4B-00C04F79EFBC}") = "TS15V2.UI", "TS15V2.UI\TS15V2.UI.csproj", "{22F8C3DF-D6C7-437E-A6EB-8A28BF955223}"
EndProject
Global
	GlobalSection(SolutionConfigurationPlatforms) = preSolution
		Debug|Any CPU = Debug|Any CPU
		Release|Any CPU = Release|Any CPU
	EndGlobalSection
	GlobalSection(ProjectConfigurationPlatforms) = postSolution
		{C22F7BEB-BA0D-4C8B-8F1E-094B51187938}.Debug|Any CPU.ActiveCfg = Debug|Any CPU
		{C22F7BEB-BA0D-4C8B-8F1E-094B51187938}.Debug|Any CPU.Build.0 = Debug|Any CPU
		{C22F7BEB-BA0D-4C8B-8F1E-094B51187938}.Release|Any CPU.ActiveCfg = Release|Any CPU
		{C22F7BEB-BA0D-4C8B-8F1E-094B51187938}.Release|Any CPU.Build.0 = Release|Any CPU
		{88422ED0-7C3E-4F5E-8A73-C45D30CA13C3}.Debug|Any CPU.ActiveCfg = Debug|Any CPU
		{88422ED0-7C3E-4F5E-8A73-C45D30CA13C3}.Debug|Any CPU.Build.0 = Debug|Any CPU
		{88422ED0-7C3E-4F5E-8A73-C45D30CA13C3}.Release|Any CPU.ActiveCfg = Release|Any CPU
		{88422ED0-7C3E-4F5E-8A73-C45D30CA13C3}.Release|Any CPU.Build.0 = Release|Any CPU
		{8C33849F-7B09-47AC-8351-1B5398924980}.Debug|Any CPU.ActiveCfg = Debug|Any CPU
		{8C33849F-7B09-47AC-8351-1B5398924980}.Debug|Any CPU.Build.0 = Debug|Any CPU
		{8C33849F-7B09-47AC-8351-1B5398924980}.Release|Any CPU.ActiveCfg = Release|Any CPU
		{8C33849F-7B09-47AC-8351-1B5398924980}.Release|Any CPU.Build.0 = Release|Any CPU
		{22F8C3DF-D6C7-437E-A6EB-8A28BF955223}.Debug|Any CPU.ActiveCfg = Debug|Any CPU
		{22F8C3DF-D6C7-437E-A6EB-8A28BF955223}.Debug|Any CPU.Build.0 = Debug|Any CPU
		{22F8C3DF-D6C7-437E-A6EB-8A28BF955223}.Release|Any CPU.ActiveCfg = Release|Any CPU
		{22F8C3DF-D6C7-437E-A6EB-8A28BF955223}.Release|Any CPU.Build.0 = Release|Any CPU
	EndGlobalSection
	GlobalSection(SolutionProperties) = preSolution
		HideSolutionNode = FALSE
	EndGlobalSection
EndGlobal
